// !$*UTF8*$!
{
	archiveVersion = 1;
	classes = {
	};
	objectVersion = 50;
	objects = {

/* Begin PBXBuildFile section */
		BE7A457F21C8FEEF00534688 /* AppDelegate.swift in Sources */ = {isa = PBXBuildFile; fileRef = BE7A457E21C8FEEF00534688 /* AppDelegate.swift */; };
		BE7A458121C8FEEF00534688 /* ViewController.swift in Sources */ = {isa = PBXBuildFile; fileRef = BE7A458021C8FEEF00534688 /* ViewController.swift */; };
		BE7A458421C8FEEF00534688 /* Main.storyboard in Resources */ = {isa = PBXBuildFile; fileRef = BE7A458221C8FEEF00534688 /* Main.storyboard */; };
		BE7A458721C8FEEF00534688 /* Countries.xcdatamodeld in Sources */ = {isa = PBXBuildFile; fileRef = BE7A458521C8FEEF00534688 /* Countries.xcdatamodeld */; };
		BE7A458921C8FEF500534688 /* Assets.xcassets in Resources */ = {isa = PBXBuildFile; fileRef = BE7A458821C8FEF500534688 /* Assets.xcassets */; };
		BE7A458C21C8FEF500534688 /* LaunchScreen.storyboard in Resources */ = {isa = PBXBuildFile; fileRef = BE7A458A21C8FEF500534688 /* LaunchScreen.storyboard */; };
		BE7A459721C8FEF500534688 /* CountriesTests.swift in Sources */ = {isa = PBXBuildFile; fileRef = BE7A459621C8FEF500534688 /* CountriesTests.swift */; };
		BE7A45A221C8FEF500534688 /* CountriesUITests.swift in Sources */ = {isa = PBXBuildFile; fileRef = BE7A45A121C8FEF500534688 /* CountriesUITests.swift */; };
/* End PBXBuildFile section */

/* Begin PBXContainerItemProxy section */
		BE7A459321C8FEF500534688 /* PBXContainerItemProxy */ = {
			isa = PBXContainerItemProxy;
			containerPortal = BE7A457321C8FEEF00534688 /* Project object */;
			proxyType = 1;
			remoteGlobalIDString = BE7A457A21C8FEEF00534688;
			remoteInfo = Countries;
		};
		BE7A459E21C8FEF500534688 /* PBXContainerItemProxy */ = {
			isa = PBXContainerItemProxy;
			containerPortal = BE7A457321C8FEEF00534688 /* Project object */;
			proxyType = 1;
			remoteGlobalIDString = BE7A457A21C8FEEF00534688;
			remoteInfo = Countries;
		};
/* End PBXContainerItemProxy section */

/* Begin PBXFileReference section */
		BE7A457B21C8FEEF00534688 /* Countries.app */ = {isa = PBXFileReference; explicitFileType = wrapper.application; includeInIndex = 0; path = Countries.app; sourceTree = BUILT_PRODUCTS_DIR; };
		BE7A457E21C8FEEF00534688 /* AppDelegate.swift */ = {isa = PBXFileReference; lastKnownFileType = sourcecode.swift; path = AppDelegate.swift; sourceTree = "<group>"; };
		BE7A458021C8FEEF00534688 /* ViewController.swift */ = {isa = PBXFileReference; lastKnownFileType = sourcecode.swift; path = ViewController.swift; sourceTree = "<group>"; };
		BE7A458321C8FEEF00534688 /* Base */ = {isa = PBXFileReference; lastKnownFileType = file.storyboard; name = Base; path = Base.lproj/Main.storyboard; sourceTree = "<group>"; };
		BE7A458621C8FEEF00534688 /* Countries.xcdatamodel */ = {isa = PBXFileReference; lastKnownFileType = wrapper.xcdatamodel; path = Countries.xcdatamodel; sourceTree = "<group>"; };
		BE7A458821C8FEF500534688 /* Assets.xcassets */ = {isa = PBXFileReference; lastKnownFileType = folder.assetcatalog; path = Assets.xcassets; sourceTree = "<group>"; };
		BE7A458B21C8FEF500534688 /* Base */ = {isa = PBXFileReference; lastKnownFileType = file.storyboard; name = Base; path = Base.lproj/LaunchScreen.storyboard; sourceTree = "<group>"; };
		BE7A458D21C8FEF500534688 /* Info.plist */ = {isa = PBXFileReference; lastKnownFileType = text.plist.xml; path = Info.plist; sourceTree = "<group>"; };
		BE7A459221C8FEF500534688 /* CountriesTests.xctest */ = {isa = PBXFileReference; explicitFileType = wrapper.cfbundle; includeInIndex = 0; path = CountriesTests.xctest; sourceTree = BUILT_PRODUCTS_DIR; };
		BE7A459621C8FEF500534688 /* CountriesTests.swift */ = {isa = PBXFileReference; lastKnownFileType = sourcecode.swift; path = CountriesTests.swift; sourceTree = "<group>"; };
		BE7A459821C8FEF500534688 /* Info.plist */ = {isa = PBXFileReference; lastKnownFileType = text.plist.xml; path = Info.plist; sourceTree = "<group>"; };
		BE7A459D21C8FEF500534688 /* CountriesUITests.xctest */ = {isa = PBXFileReference; explicitFileType = wrapper.cfbundle; includeInIndex = 0; path = CountriesUITests.xctest; sourceTree = BUILT_PRODUCTS_DIR; };
		BE7A45A121C8FEF500534688 /* CountriesUITests.swift */ = {isa = PBXFileReference; lastKnownFileType = sourcecode.swift; path = CountriesUITests.swift; sourceTree = "<group>"; };
		BE7A45A321C8FEF500534688 /* Info.plist */ = {isa = PBXFileReference; lastKnownFileType = text.plist.xml; path = Info.plist; sourceTree = "<group>"; };
/* End PBXFileReference section */

/* Begin PBXFrameworksBuildPhase section */
		BE7A457821C8FEEF00534688 /* Frameworks */ = {
			isa = PBXFrameworksBuildPhase;
			buildActionMask = 2147483647;
			files = (
			);
			runOnlyForDeploymentPostprocessing = 0;
		};
		BE7A458F21C8FEF500534688 /* Frameworks */ = {
			isa = PBXFrameworksBuildPhase;
			buildActionMask = 2147483647;
			files = (
			);
			runOnlyForDeploymentPostprocessing = 0;
		};
		BE7A459A21C8FEF500534688 /* Frameworks */ = {
			isa = PBXFrameworksBuildPhase;
			buildActionMask = 2147483647;
			files = (
			);
			runOnlyForDeploymentPostprocessing = 0;
		};
/* End PBXFrameworksBuildPhase section */

/* Begin PBXGroup section */
		BE7A457221C8FEEF00534688 = {
			isa = PBXGroup;
			children = (
				BE7A457D21C8FEEF00534688 /* Countries */,
				BE7A459521C8FEF500534688 /* CountriesTests */,
				BE7A45A021C8FEF500534688 /* CountriesUITests */,
				BE7A457C21C8FEEF00534688 /* Products */,
			);
			sourceTree = "<group>";
		};
		BE7A457C21C8FEEF00534688 /* Products */ = {
			isa = PBXGroup;
			children = (
				BE7A457B21C8FEEF00534688 /* Countries.app */,
				BE7A459221C8FEF500534688 /* CountriesTests.xctest */,
				BE7A459D21C8FEF500534688 /* CountriesUITests.xctest */,
			);
			name = Products;
			sourceTree = "<group>";
		};
		BE7A457D21C8FEEF00534688 /* Countries */ = {
			isa = PBXGroup;
			children = (
				BE7A457E21C8FEEF00534688 /* AppDelegate.swift */,
				BE7A458021C8FEEF00534688 /* ViewController.swift */,
				BE7A458221C8FEEF00534688 /* Main.storyboard */,
				BE7A458821C8FEF500534688 /* Assets.xcassets */,
				BE7A458A21C8FEF500534688 /* LaunchScreen.storyboard */,
				BE7A458D21C8FEF500534688 /* Info.plist */,
				BE7A458521C8FEEF00534688 /* Countries.xcdatamodeld */,
			);
			path = Countries;
			sourceTree = "<group>";
		};
		BE7A459521C8FEF500534688 /* CountriesTests */ = {
			isa = PBXGroup;
			children = (
				BE7A459621C8FEF500534688 /* CountriesTests.swift */,
				BE7A459821C8FEF500534688 /* Info.plist */,
			);
			path = CountriesTests;
			sourceTree = "<group>";
		};
		BE7A45A021C8FEF500534688 /* CountriesUITests */ = {
			isa = PBXGroup;
			children = (
				BE7A45A121C8FEF500534688 /* CountriesUITests.swift */,
				BE7A45A321C8FEF500534688 /* Info.plist */,
			);
			path = CountriesUITests;
			sourceTree = "<group>";
		};
/* End PBXGroup section */

/* Begin PBXNativeTarget section */
		BE7A457A21C8FEEF00534688 /* Countries */ = {
			isa = PBXNativeTarget;
			buildConfigurationList = BE7A45A621C8FEF500534688 /* Build configuration list for PBXNativeTarget "Countries" */;
			buildPhases = (
				BE7A457721C8FEEF00534688 /* Sources */,
				BE7A457821C8FEEF00534688 /* Frameworks */,
				BE7A457921C8FEEF00534688 /* Resources */,
			);
			buildRules = (
			);
			dependencies = (
			);
			name = Countries;
			productName = Countries;
			productReference = BE7A457B21C8FEEF00534688 /* Countries.app */;
			productType = "com.apple.product-type.application";
		};
		BE7A459121C8FEF500534688 /* CountriesTests */ = {
			isa = PBXNativeTarget;
			buildConfigurationList = BE7A45A921C8FEF500534688 /* Build configuration list for PBXNativeTarget "CountriesTests" */;
			buildPhases = (
				BE7A458E21C8FEF500534688 /* Sources */,
				BE7A458F21C8FEF500534688 /* Frameworks */,
				BE7A459021C8FEF500534688 /* Resources */,
			);
			buildRules = (
			);
			dependencies = (
				BE7A459421C8FEF500534688 /* PBXTargetDependency */,
			);
			name = CountriesTests;
			productName = CountriesTests;
			productReference = BE7A459221C8FEF500534688 /* CountriesTests.xctest */;
			productType = "com.apple.product-type.bundle.unit-test";
		};
		BE7A459C21C8FEF500534688 /* CountriesUITests */ = {
			isa = PBXNativeTarget;
			buildConfigurationList = BE7A45AC21C8FEF500534688 /* Build configuration list for PBXNativeTarget "CountriesUITests" */;
			buildPhases = (
				BE7A459921C8FEF500534688 /* Sources */,
				BE7A459A21C8FEF500534688 /* Frameworks */,
				BE7A459B21C8FEF500534688 /* Resources */,
			);
			buildRules = (
			);
			dependencies = (
				BE7A459F21C8FEF500534688 /* PBXTargetDependency */,
			);
			name = CountriesUITests;
			productName = CountriesUITests;
			productReference = BE7A459D21C8FEF500534688 /* CountriesUITests.xctest */;
			productType = "com.apple.product-type.bundle.ui-testing";
		};
/* End PBXNativeTarget section */

/* Begin PBXProject section */
		BE7A457321C8FEEF00534688 /* Project object */ = {
			isa = PBXProject;
			attributes = {
				LastSwiftUpdateCheck = 1010;
				LastUpgradeCheck = 1010;
				ORGANIZATIONNAME = "Audax Labs";
				TargetAttributes = {
					BE7A457A21C8FEEF00534688 = {
						CreatedOnToolsVersion = 10.1;
					};
					BE7A459121C8FEF500534688 = {
						CreatedOnToolsVersion = 10.1;
						TestTargetID = BE7A457A21C8FEEF00534688;
					};
					BE7A459C21C8FEF500534688 = {
						CreatedOnToolsVersion = 10.1;
						TestTargetID = BE7A457A21C8FEEF00534688;
					};
				};
			};
			buildConfigurationList = BE7A457621C8FEEF00534688 /* Build configuration list for PBXProject "Countries" */;
			compatibilityVersion = "Xcode 9.3";
			developmentRegion = en;
			hasScannedForEncodings = 0;
			knownRegions = (
				en,
				Base,
			);
			mainGroup = BE7A457221C8FEEF00534688;
			productRefGroup = BE7A457C21C8FEEF00534688 /* Products */;
			projectDirPath = "";
			projectRoot = "";
			targets = (
				BE7A457A21C8FEEF00534688 /* Countries */,
				BE7A459121C8FEF500534688 /* CountriesTests */,
				BE7A459C21C8FEF500534688 /* CountriesUITests */,
			);
		};
/* End PBXProject section */

/* Begin PBXResourcesBuildPhase section */
		BE7A457921C8FEEF00534688 /* Resources */ = {
			isa = PBXResourcesBuildPhase;
			buildActionMask = 2147483647;
			files = (
				BE7A458C21C8FEF500534688 /* LaunchScreen.storyboard in Resources */,
				BE7A458921C8FEF500534688 /* Assets.xcassets in Resources */,
				BE7A458421C8FEEF00534688 /* Main.storyboard in Resources */,
			);
			runOnlyForDeploymentPostprocessing = 0;
		};
		BE7A459021C8FEF500534688 /* Resources */ = {
			isa = PBXResourcesBuildPhase;
			buildActionMask = 2147483647;
			files = (
			);
			runOnlyForDeploymentPostprocessing = 0;
		};
		BE7A459B21C8FEF500534688 /* Resources */ = {
			isa = PBXResourcesBuildPhase;
			buildActionMask = 2147483647;
			files = (
			);
			runOnlyForDeploymentPostprocessing = 0;
		};
/* End PBXResourcesBuildPhase section */

/* Begin PBXSourcesBuildPhase section */
		BE7A457721C8FEEF00534688 /* Sources */ = {
			isa = PBXSourcesBuildPhase;
			buildActionMask = 2147483647;
			files = (
				BE7A458121C8FEEF00534688 /* ViewController.swift in Sources */,
				BE7A458721C8FEEF00534688 /* Countries.xcdatamodeld in Sources */,
				BE7A457F21C8FEEF00534688 /* AppDelegate.swift in Sources */,
			);
			runOnlyForDeploymentPostprocessing = 0;
		};
		BE7A458E21C8FEF500534688 /* Sources */ = {
			isa = PBXSourcesBuildPhase;
			buildActionMask = 2147483647;
			files = (
				BE7A459721C8FEF500534688 /* CountriesTests.swift in Sources */,
			);
			runOnlyForDeploymentPostprocessing = 0;
		};
		BE7A459921C8FEF500534688 /* Sources */ = {
			isa = PBXSourcesBuildPhase;
			buildActionMask = 2147483647;
			files = (
				BE7A45A221C8FEF500534688 /* CountriesUITests.swift in Sources */,
			);
			runOnlyForDeploymentPostprocessing = 0;
		};
/* End PBXSourcesBuildPhase section */

/* Begin PBXTargetDependency section */
		BE7A459421C8FEF500534688 /* PBXTargetDependency */ = {
			isa = PBXTargetDependency;
			target = BE7A457A21C8FEEF00534688 /* Countries */;
			targetProxy = BE7A459321C8FEF500534688 /* PBXContainerItemProxy */;
		};
		BE7A459F21C8FEF500534688 /* PBXTargetDependency */ = {
			isa = PBXTargetDependency;
			target = BE7A457A21C8FEEF00534688 /* Countries */;
			targetProxy = BE7A459E21C8FEF500534688 /* PBXContainerItemProxy */;
		};
/* End PBXTargetDependency section */

/* Begin PBXVariantGroup section */
		BE7A458221C8FEEF00534688 /* Main.storyboard */ = {
			isa = PBXVariantGroup;
			children = (
				BE7A458321C8FEEF00534688 /* Base */,
			);
			name = Main.storyboard;
			sourceTree = "<group>";
		};
		BE7A458A21C8FEF500534688 /* LaunchScreen.storyboard */ = {
			isa = PBXVariantGroup;
			children = (
				BE7A458B21C8FEF500534688 /* Base */,
			);
			name = LaunchScreen.storyboard;
			sourceTree = "<group>";
		};
/* End PBXVariantGroup section */

/* Begin XCBuildConfiguration section */
		BE7A45A421C8FEF500534688 /* Debug */ = {
			isa = XCBuildConfiguration;
			buildSettings = {
				ALWAYS_SEARCH_USER_PATHS = NO;
				CLANG_ANALYZER_NONNULL = YES;
				CLANG_ANALYZER_NUMBER_OBJECT_CONVERSION = YES_AGGRESSIVE;
				CLANG_CXX_LANGUAGE_STANDARD = "gnu++14";
				CLANG_CXX_LIBRARY = "libc++";
				CLANG_ENABLE_MODULES = YES;
				CLANG_ENABLE_OBJC_ARC = YES;
				CLANG_ENABLE_OBJC_WEAK = YES;
				CLANG_WARN_BLOCK_CAPTURE_AUTORELEASING = YES;
				CLANG_WARN_BOOL_CONVERSION = YES;
				CLANG_WARN_COMMA = YES;
				CLANG_WARN_CONSTANT_CONVERSION = YES;
				CLANG_WARN_DEPRECATED_OBJC_IMPLEMENTATIONS = YES;
				CLANG_WARN_DIRECT_OBJC_ISA_USAGE = YES_ERROR;
				CLANG_WARN_DOCUMENTATION_COMMENTS = YES;
				CLANG_WARN_EMPTY_BODY = YES;
				CLANG_WARN_ENUM_CONVERSION = YES;
				CLANG_WARN_INFINITE_RECURSION = YES;
				CLANG_WARN_INT_CONVERSION = YES;
				CLANG_WARN_NON_LITERAL_NULL_CONVERSION = YES;
				CLANG_WARN_OBJC_IMPLICIT_RETAIN_SELF = YES;
				CLANG_WARN_OBJC_LITERAL_CONVERSION = YES;
				CLANG_WARN_OBJC_ROOT_CLASS = YES_ERROR;
				CLANG_WARN_RANGE_LOOP_ANALYSIS = YES;
				CLANG_WARN_STRICT_PROTOTYPES = YES;
				CLANG_WARN_SUSPICIOUS_MOVE = YES;
				CLANG_WARN_UNGUARDED_AVAILABILITY = YES_AGGRESSIVE;
				CLANG_WARN_UNREACHABLE_CODE = YES;
				CLANG_WARN__DUPLICATE_METHOD_MATCH = YES;
				CODE_SIGN_IDENTITY = "iPhone Developer";
				COPY_PHASE_STRIP = NO;
				DEBUG_INFORMATION_FORMAT = dwarf;
				ENABLE_STRICT_OBJC_MSGSEND = YES;
				ENABLE_TESTABILITY = YES;
				GCC_C_LANGUAGE_STANDARD = gnu11;
				GCC_DYNAMIC_NO_PIC = NO;
				GCC_NO_COMMON_BLOCKS = YES;
				GCC_OPTIMIZATION_LEVEL = 0;
				GCC_PREPROCESSOR_DEFINITIONS = (
					"DEBUG=1",
					"$(inherited)",
				);
				GCC_WARN_64_TO_32_BIT_CONVERSION = YES;
				GCC_WARN_ABOUT_RETURN_TYPE = YES_ERROR;
				GCC_WARN_UNDECLARED_SELECTOR = YES;
				GCC_WARN_UNINITIALIZED_AUTOS = YES_AGGRESSIVE;
				GCC_WARN_UNUSED_FUNCTION = YES;
				GCC_WARN_UNUSED_VARIABLE = YES;
				IPHONEOS_DEPLOYMENT_TARGET = 12.1;
				MTL_ENABLE_DEBUG_INFO = INCLUDE_SOURCE;
				MTL_FAST_MATH = YES;
				ONLY_ACTIVE_ARCH = YES;
				SDKROOT = iphoneos;
				SWIFT_ACTIVE_COMPILATION_CONDITIONS = DEBUG;
				SWIFT_OPTIMIZATION_LEVEL = "-Onone";
			};
			name = Debug;
		};
		BE7A45A521C8FEF500534688 /* Release */ = {
			isa = XCBuildConfiguration;
			buildSettings = {
				ALWAYS_SEARCH_USER_PATHS = NO;
				CLANG_ANALYZER_NONNULL = YES;
				CLANG_ANALYZER_NUMBER_OBJECT_CONVERSION = YES_AGGRESSIVE;
				CLANG_CXX_LANGUAGE_STANDARD = "gnu++14";
				CLANG_CXX_LIBRARY = "libc++";
				CLANG_ENABLE_MODULES = YES;
				CLANG_ENABLE_OBJC_ARC = YES;
				CLANG_ENABLE_OBJC_WEAK = YES;
				CLANG_WARN_BLOCK_CAPTURE_AUTORELEASING = YES;
				CLANG_WARN_BOOL_CONVERSION = YES;
				CLANG_WARN_COMMA = YES;
				CLANG_WARN_CONSTANT_CONVERSION = YES;
				CLANG_WARN_DEPRECATED_OBJC_IMPLEMENTATIONS = YES;
				CLANG_WARN_DIRECT_OBJC_ISA_USAGE = YES_ERROR;
				CLANG_WARN_DOCUMENTATION_COMMENTS = YES;
				CLANG_WARN_EMPTY_BODY = YES;
				CLANG_WARN_ENUM_CONVERSION = YES;
				CLANG_WARN_INFINITE_RECURSION = YES;
				CLANG_WARN_INT_CONVERSION = YES;
				CLANG_WARN_NON_LITERAL_NULL_CONVERSION = YES;
				CLANG_WARN_OBJC_IMPLICIT_RETAIN_SELF = YES;
				CLANG_WARN_OBJC_LITERAL_CONVERSION = YES;
				CLANG_WARN_OBJC_ROOT_CLASS = YES_ERROR;
				CLANG_WARN_RANGE_LOOP_ANALYSIS = YES;
				CLANG_WARN_STRICT_PROTOTYPES = YES;
				CLANG_WARN_SUSPICIOUS_MOVE = YES;
				CLANG_WARN_UNGUARDED_AVAILABILITY = YES_AGGRESSIVE;
				CLANG_WARN_UNREACHABLE_CODE = YES;
				CLANG_WARN__DUPLICATE_METHOD_MATCH = YES;
				CODE_SIGN_IDENTITY = "iPhone Developer";
				COPY_PHASE_STRIP = NO;
				DEBUG_INFORMATION_FORMAT = "dwarf-with-dsym";
				ENABLE_NS_ASSERTIONS = NO;
				ENABLE_STRICT_OBJC_MSGSEND = YES;
				GCC_C_LANGUAGE_STANDARD = gnu11;
				GCC_NO_COMMON_BLOCKS = YES;
				GCC_WARN_64_TO_32_BIT_CONVERSION = YES;
				GCC_WARN_ABOUT_RETURN_TYPE = YES_ERROR;
				GCC_WARN_UNDECLARED_SELECTOR = YES;
				GCC_WARN_UNINITIALIZED_AUTOS = YES_AGGRESSIVE;
				GCC_WARN_UNUSED_FUNCTION = YES;
				GCC_WARN_UNUSED_VARIABLE = YES;
				IPHONEOS_DEPLOYMENT_TARGET = 12.1;
				MTL_ENABLE_DEBUG_INFO = NO;
				MTL_FAST_MATH = YES;
				SDKROOT = iphoneos;
				SWIFT_COMPILATION_MODE = wholemodule;
				SWIFT_OPTIMIZATION_LEVEL = "-O";
				VALIDATE_PRODUCT = YES;
			};
			name = Release;
		};
		BE7A45A721C8FEF500534688 /* Debug */ = {
			isa = XCBuildConfiguration;
			buildSettings = {
				ASSETCATALOG_COMPILER_APPICON_NAME = AppIcon;
				CODE_SIGN_STYLE = Automatic;
				DEVELOPMENT_TEAM = HVW557N3C9;
				INFOPLIST_FILE = Countries/Info.plist;
				LD_RUNPATH_SEARCH_PATHS = (
					"$(inherited)",
					"@executable_path/Frameworks",
				);
				PRODUCT_BUNDLE_IDENTIFIER = com.Countries;
				PRODUCT_NAME = "$(TARGET_NAME)";
				SWIFT_VERSION = 4.2;
				TARGETED_DEVICE_FAMILY = "1,2";
			};
			name = Debug;
		};
		BE7A45A821C8FEF500534688 /* Release */ = {
			isa = XCBuildConfiguration;
			buildSettings = {
				ASSETCATALOG_COMPILER_APPICON_NAME = AppIcon;
				CODE_SIGN_STYLE = Automatic;
				DEVELOPMENT_TEAM = HVW557N3C9;
				INFOPLIST_FILE = Countries/Info.plist;
				LD_RUNPATH_SEARCH_PATHS = (
					"$(inherited)",
					"@executable_path/Frameworks",
				);
				PRODUCT_BUNDLE_IDENTIFIER = com.Countries;
				PRODUCT_NAME = "$(TARGET_NAME)";
				SWIFT_VERSION = 4.2;
				TARGETED_DEVICE_FAMILY = "1,2";
			};
			name = Release;
		};
		BE7A45AA21C8FEF500534688 /* Debug */ = {
			isa = XCBuildConfiguration;
			buildSettings = {
				ALWAYS_EMBED_SWIFT_STANDARD_LIBRARIES = YES;
				BUNDLE_LOADER = "$(TEST_HOST)";
				CODE_SIGN_STYLE = Automatic;
				DEVELOPMENT_TEAM = HVW557N3C9;
				INFOPLIST_FILE = CountriesTests/Info.plist;
				LD_RUNPATH_SEARCH_PATHS = (
					"$(inherited)",
					"@executable_path/Frameworks",
					"@loader_path/Frameworks",
				);
				PRODUCT_BUNDLE_IDENTIFIER = com.CountriesTests;
				PRODUCT_NAME = "$(TARGET_NAME)";
				SWIFT_VERSION = 4.2;
				TARGETED_DEVICE_FAMILY = "1,2";
				TEST_HOST = "$(BUILT_PRODUCTS_DIR)/Countries.app/Countries";
			};
			name = Debug;
		};
		BE7A45AB21C8FEF500534688 /* Release */ = {
			isa = XCBuildConfiguration;
			buildSettings = {
				ALWAYS_EMBED_SWIFT_STANDARD_LIBRARIES = YES;
				BUNDLE_LOADER = "$(TEST_HOST)";
				CODE_SIGN_STYLE = Automatic;
				DEVELOPMENT_TEAM = HVW557N3C9;
				INFOPLIST_FILE = CountriesTests/Info.plist;
				LD_RUNPATH_SEARCH_PATHS = (
					"$(inherited)",
					"@executable_path/Frameworks",
					"@loader_path/Frameworks",
				);
				PRODUCT_BUNDLE_IDENTIFIER = com.CountriesTests;
				PRODUCT_NAME = "$(TARGET_NAME)";
				SWIFT_VERSION = 4.2;
				TARGETED_DEVICE_FAMILY = "1,2";
				TEST_HOST = "$(BUILT_PRODUCTS_DIR)/Countries.app/Countries";
			};
			name = Release;
		};
		BE7A45AD21C8FEF500534688 /* Debug */ = {
			isa = XCBuildConfiguration;
			buildSettings = {
				ALWAYS_EMBED_SWIFT_STANDARD_LIBRARIES = YES;
				CODE_SIGN_STYLE = Automatic;
				DEVELOPMENT_TEAM = HVW557N3C9;
				INFOPLIST_FILE = CountriesUITests/Info.plist;
				LD_RUNPATH_SEARCH_PATHS = (
					"$(inherited)",
					"@executable_path/Frameworks",
					"@loader_path/Frameworks",
				);
				PRODUCT_BUNDLE_IDENTIFIER = com.CountriesUITests;
				PRODUCT_NAME = "$(TARGET_NAME)";
				SWIFT_VERSION = 4.2;
				TARGETED_DEVICE_FAMILY = "1,2";
				TEST_TARGET_NAME = Countries;
			};
			name = Debug;
		};
		BE7A45AE21C8FEF500534688 /* Release */ = {
			isa = XCBuildConfiguration;
			buildSettings = {
				ALWAYS_EMBED_SWIFT_STANDARD_LIBRARIES = YES;
				CODE_SIGN_STYLE = Automatic;
				DEVELOPMENT_TEAM = HVW557N3C9;
				INFOPLIST_FILE = CountriesUITests/Info.plist;
				LD_RUNPATH_SEARCH_PATHS = (
					"$(inherited)",
					"@executable_path/Frameworks",
					"@loader_path/Frameworks",
				);
				PRODUCT_BUNDLE_IDENTIFIER = com.CountriesUITests;
				PRODUCT_NAME = "$(TARGET_NAME)";
				SWIFT_VERSION = 4.2;
				TARGETED_DEVICE_FAMILY = "1,2";
				TEST_TARGET_NAME = Countries;
			};
			name = Release;
		};
/* End XCBuildConfiguration section */

/* Begin XCConfigurationList section */
		BE7A457621C8FEEF00534688 /* Build configuration list for PBXProject "Countries" */ = {
			isa = XCConfigurationList;
			buildConfigurations = (
				BE7A45A421C8FEF500534688 /* Debug */,
				BE7A45A521C8FEF500534688 /* Release */,
			);
			defaultConfigurationIsVisible = 0;
			defaultConfigurationName = Release;
		};
		BE7A45A621C8FEF500534688 /* Build configuration list for PBXNativeTarget "Countries" */ = {
			isa = XCConfigurationList;
			buildConfigurations = (
				BE7A45A721C8FEF500534688 /* Debug */,
				BE7A45A821C8FEF500534688 /* Release */,
			);
			defaultConfigurationIsVisible = 0;
			defaultConfigurationName = Release;
		};
		BE7A45A921C8FEF500534688 /* Build configuration list for PBXNativeTarget "CountriesTests" */ = {
			isa = XCConfigurationList;
			buildConfigurations = (
				BE7A45AA21C8FEF500534688 /* Debug */,
				BE7A45AB21C8FEF500534688 /* Release */,
			);
			defaultConfigurationIsVisible = 0;
			defaultConfigurationName = Release;
		};
		BE7A45AC21C8FEF500534688 /* Build configuration list for PBXNativeTarget "CountriesUITests" */ = {
			isa = XCConfigurationList;
			buildConfigurations = (
				BE7A45AD21C8FEF500534688 /* Debug */,
				BE7A45AE21C8FEF500534688 /* Release */,
			);
			defaultConfigurationIsVisible = 0;
			defaultConfigurationName = Release;
		};
/* End XCConfigurationList section */

/* Begin XCVersionGroup section */
		BE7A458521C8FEEF00534688 /* Countries.xcdatamodeld */ = {
			isa = XCVersionGroup;
			children = (
				BE7A458621C8FEEF00534688 /* Countries.xcdatamodel */,
			);
			currentVersion = BE7A458621C8FEEF00534688 /* Countries.xcdatamodel */;
			path = Countries.xcdatamodeld;
			sourceTree = "<group>";
			versionGroupType = wrapper.xcdatamodel;
		};
/* End XCVersionGroup section */
	};
	rootObject = BE7A457321C8FEEF00534688 /* Project object */;
}
