// !$*UTF8*$!
{
	archiveVersion = 1;
	classes = {
	};
	objectVersion = 50;
	objects = {

/* Begin PBXBuildFile section */
		6CDDC47730E83518715175B9 /* Pods_Countries.framework in Frameworks */ = {isa = PBXBuildFile; fileRef = B40B916B69A5C63CD43F4474 /* Pods_Countries.framework */; };
		9A5A99A075FE6D5C60C0F821 /* Pods_CountriesTests.framework in Frameworks */ = {isa = PBXBuildFile; fileRef = CFE746B9C3214C5650D3AB49 /* Pods_CountriesTests.framework */; };
		BE27568421CB6F0B002BCB23 /* MappedCountry.swift in Sources */ = {isa = PBXBuildFile; fileRef = BE27568321CB6F0B002BCB23 /* MappedCountry.swift */; };
		BE27568621CBAA14002BCB23 /* ReachabilityManager.swift in Sources */ = {isa = PBXBuildFile; fileRef = BE27568521CBAA14002BCB23 /* ReachabilityManager.swift */; };
		BE27568D21CC02F0002BCB23 /* Country+CoreDataClass.swift in Sources */ = {isa = PBXBuildFile; fileRef = BE27568B21CC02F0002BCB23 /* Country+CoreDataClass.swift */; };
		BE27568E21CC02F0002BCB23 /* Country+CoreDataProperties.swift in Sources */ = {isa = PBXBuildFile; fileRef = BE27568C21CC02F0002BCB23 /* Country+CoreDataProperties.swift */; };
		BE7A457F21C8FEEF00534688 /* AppDelegate.swift in Sources */ = {isa = PBXBuildFile; fileRef = BE7A457E21C8FEEF00534688 /* AppDelegate.swift */; };
		BE7A458121C8FEEF00534688 /* ViewController.swift in Sources */ = {isa = PBXBuildFile; fileRef = BE7A458021C8FEEF00534688 /* ViewController.swift */; };
		BE7A458421C8FEEF00534688 /* Main.storyboard in Resources */ = {isa = PBXBuildFile; fileRef = BE7A458221C8FEEF00534688 /* Main.storyboard */; };
		BE7A458721C8FEEF00534688 /* Countries.xcdatamodeld in Sources */ = {isa = PBXBuildFile; fileRef = BE7A458521C8FEEF00534688 /* Countries.xcdatamodeld */; };
		BE7A458921C8FEF500534688 /* Assets.xcassets in Resources */ = {isa = PBXBuildFile; fileRef = BE7A458821C8FEF500534688 /* Assets.xcassets */; };
		BE7A458C21C8FEF500534688 /* LaunchScreen.storyboard in Resources */ = {isa = PBXBuildFile; fileRef = BE7A458A21C8FEF500534688 /* LaunchScreen.storyboard */; };
		BE7A459721C8FEF500534688 /* CountriesTests.swift in Sources */ = {isa = PBXBuildFile; fileRef = BE7A459621C8FEF500534688 /* CountriesTests.swift */; };
		BE7A45A221C8FEF500534688 /* CountriesUITests.swift in Sources */ = {isa = PBXBuildFile; fileRef = BE7A45A121C8FEF500534688 /* CountriesUITests.swift */; };
		BE7A45B021C9358D00534688 /* NetworkingManager.swift in Sources */ = {isa = PBXBuildFile; fileRef = BE7A45AF21C9358D00534688 /* NetworkingManager.swift */; };
		BE7A45B221C93D4400534688 /* CountryDetailViewController.swift in Sources */ = {isa = PBXBuildFile; fileRef = BE7A45B121C93D4400534688 /* CountryDetailViewController.swift */; };
		BE7A45D421CAB6B000534688 /* Fontfabric - NexaBlackItalic.otf in Resources */ = {isa = PBXBuildFile; fileRef = BE7A45B621CAB6B000534688 /* Fontfabric - NexaBlackItalic.otf */; };
		BE7A45D521CAB6B000534688 /* Fontfabric - NexaHeavy.otf in Resources */ = {isa = PBXBuildFile; fileRef = BE7A45B721CAB6B000534688 /* Fontfabric - NexaHeavy.otf */; };
		BE7A45D621CAB6B000534688 /* Fontfabric - NexaXBoldItalic.otf in Resources */ = {isa = PBXBuildFile; fileRef = BE7A45B821CAB6B000534688 /* Fontfabric - NexaXBoldItalic.otf */; };
		BE7A45D721CAB6B000534688 /* Fontfabric - NexaBookItalic.otf in Resources */ = {isa = PBXBuildFile; fileRef = BE7A45B921CAB6B000534688 /* Fontfabric - NexaBookItalic.otf */; };
		BE7A45D821CAB6B000534688 /* Fontfabric - Nexa Light.ttf in Resources */ = {isa = PBXBuildFile; fileRef = BE7A45BA21CAB6B000534688 /* Fontfabric - Nexa Light.ttf */; };
		BE7A45D921CAB6B000534688 /* Fontfabric - Nexa Light Italic.ttf in Resources */ = {isa = PBXBuildFile; fileRef = BE7A45BB21CAB6B000534688 /* Fontfabric - Nexa Light Italic.ttf */; };
		BE7A45DA21CAB6B000534688 /* Fontfabric - Nexa Heavy Italic.ttf in Resources */ = {isa = PBXBuildFile; fileRef = BE7A45BC21CAB6B000534688 /* Fontfabric - Nexa Heavy Italic.ttf */; };
		BE7A45DB21CAB6B000534688 /* Fontfabric - Nexa Heavy.ttf in Resources */ = {isa = PBXBuildFile; fileRef = BE7A45BD21CAB6B000534688 /* Fontfabric - Nexa Heavy.ttf */; };
		BE7A45DC21CAB6B000534688 /* Fontfabric - NexaLightItalic.otf in Resources */ = {isa = PBXBuildFile; fileRef = BE7A45BE21CAB6B000534688 /* Fontfabric - NexaLightItalic.otf */; };
		BE7A45DD21CAB6B000534688 /* Fontfabric - NexaHeavyItalic.otf in Resources */ = {isa = PBXBuildFile; fileRef = BE7A45BF21CAB6B000534688 /* Fontfabric - NexaHeavyItalic.otf */; };
		BE7A45DE21CAB6B000534688 /* Fontfabric - NexaLight.otf in Resources */ = {isa = PBXBuildFile; fileRef = BE7A45C021CAB6B000534688 /* Fontfabric - NexaLight.otf */; };
		BE7A45DF21CAB6B000534688 /* Fontfabric - NexaBoldItalic.otf in Resources */ = {isa = PBXBuildFile; fileRef = BE7A45C121CAB6B000534688 /* Fontfabric - NexaBoldItalic.otf */; };
		BE7A45E021CAB6B000534688 /* Fontfabric - Nexa-RegularItalic.otf in Resources */ = {isa = PBXBuildFile; fileRef = BE7A45C221CAB6B000534688 /* Fontfabric - Nexa-RegularItalic.otf */; };
		BE7A45E121CAB6B000534688 /* Fontfabric - NexaThinItalic.otf in Resources */ = {isa = PBXBuildFile; fileRef = BE7A45C321CAB6B000534688 /* Fontfabric - NexaThinItalic.otf */; };
		BE7A45E221CAB6B000534688 /* Fontfabric - NexaBlack.otf in Resources */ = {isa = PBXBuildFile; fileRef = BE7A45C421CAB6B000534688 /* Fontfabric - NexaBlack.otf */; };
		BE7A45E321CAB6B000534688 /* Fontfabric - Nexa Thin Italic.ttf in Resources */ = {isa = PBXBuildFile; fileRef = BE7A45C521CAB6B000534688 /* Fontfabric - Nexa Thin Italic.ttf */; };
		BE7A45E421CAB6B000534688 /* Fontfabric - Nexa.ttf in Resources */ = {isa = PBXBuildFile; fileRef = BE7A45C621CAB6B000534688 /* Fontfabric - Nexa.ttf */; };
		BE7A45E521CAB6B000534688 /* Fontfabric - NexaThin.otf in Resources */ = {isa = PBXBuildFile; fileRef = BE7A45C721CAB6B000534688 /* Fontfabric - NexaThin.otf */; };
		BE7A45E621CAB6B000534688 /* Fontfabric - Nexa Thin.ttf in Resources */ = {isa = PBXBuildFile; fileRef = BE7A45C821CAB6B000534688 /* Fontfabric - Nexa Thin.ttf */; };
		BE7A45E721CAB6B000534688 /* Fontfabric - Nexa Bold.ttf in Resources */ = {isa = PBXBuildFile; fileRef = BE7A45C921CAB6B000534688 /* Fontfabric - Nexa Bold.ttf */; };
		BE7A45E821CAB6B000534688 /* Fontfabric - NexaBold.otf in Resources */ = {isa = PBXBuildFile; fileRef = BE7A45CA21CAB6B000534688 /* Fontfabric - NexaBold.otf */; };
		BE7A45E921CAB6B000534688 /* Fontfabric - Nexa Black Italic.ttf in Resources */ = {isa = PBXBuildFile; fileRef = BE7A45CB21CAB6B000534688 /* Fontfabric - Nexa Black Italic.ttf */; };
		BE7A45EA21CAB6B000534688 /* Fontfabric - Nexa XBold.ttf in Resources */ = {isa = PBXBuildFile; fileRef = BE7A45CC21CAB6B000534688 /* Fontfabric - Nexa XBold.ttf */; };
		BE7A45EB21CAB6B000534688 /* Fontfabric - Nexa Book.ttf in Resources */ = {isa = PBXBuildFile; fileRef = BE7A45CD21CAB6B000534688 /* Fontfabric - Nexa Book.ttf */; };
		BE7A45EC21CAB6B000534688 /* Fontfabric - NexaBook.otf in Resources */ = {isa = PBXBuildFile; fileRef = BE7A45CE21CAB6B000534688 /* Fontfabric - NexaBook.otf */; };
		BE7A45ED21CAB6B000534688 /* Fontfabric - Nexa XBold Italic.ttf in Resources */ = {isa = PBXBuildFile; fileRef = BE7A45CF21CAB6B000534688 /* Fontfabric - Nexa XBold Italic.ttf */; };
		BE7A45EE21CAB6B000534688 /* Fontfabric - Nexa Book Italic.ttf in Resources */ = {isa = PBXBuildFile; fileRef = BE7A45D021CAB6B000534688 /* Fontfabric - Nexa Book Italic.ttf */; };
		BE7A45EF21CAB6B000534688 /* Fontfabric - Nexa Black.ttf in Resources */ = {isa = PBXBuildFile; fileRef = BE7A45D121CAB6B000534688 /* Fontfabric - Nexa Black.ttf */; };
		BE7A45F021CAB6B000534688 /* Fontfabric - NexaXBold.otf in Resources */ = {isa = PBXBuildFile; fileRef = BE7A45D221CAB6B000534688 /* Fontfabric - NexaXBold.otf */; };
		BE7A45F121CAB6B000534688 /* Fontfabric - Nexa Bold Italic.ttf in Resources */ = {isa = PBXBuildFile; fileRef = BE7A45D321CAB6B000534688 /* Fontfabric - Nexa Bold Italic.ttf */; };
		FE86FDE84EFD5DD82774093A /* Pods_CountriesUITests.framework in Frameworks */ = {isa = PBXBuildFile; fileRef = 798F73EA6207948906DD8D7C /* Pods_CountriesUITests.framework */; };
/* End PBXBuildFile section */

/* Begin PBXContainerItemProxy section */
		BE7A459321C8FEF500534688 /* PBXContainerItemProxy */ = {
			isa = PBXContainerItemProxy;
			containerPortal = BE7A457321C8FEEF00534688 /* Project object */;
			proxyType = 1;
			remoteGlobalIDString = BE7A457A21C8FEEF00534688;
			remoteInfo = Countries;
		};
		BE7A459E21C8FEF500534688 /* PBXContainerItemProxy */ = {
			isa = PBXContainerItemProxy;
			containerPortal = BE7A457321C8FEEF00534688 /* Project object */;
			proxyType = 1;
			remoteGlobalIDString = BE7A457A21C8FEEF00534688;
			remoteInfo = Countries;
		};
/* End PBXContainerItemProxy section */

/* Begin PBXFileReference section */
		2EE687E1AC9CC6F82170F239 /* Pods-CountriesTests.debug.xcconfig */ = {isa = PBXFileReference; includeInIndex = 1; lastKnownFileType = text.xcconfig; name = "Pods-CountriesTests.debug.xcconfig"; path = "Pods/Target Support Files/Pods-CountriesTests/Pods-CountriesTests.debug.xcconfig"; sourceTree = "<group>"; };
		6A6C526FBE618D4F24C53240 /* Pods-CountriesTests.release.xcconfig */ = {isa = PBXFileReference; includeInIndex = 1; lastKnownFileType = text.xcconfig; name = "Pods-CountriesTests.release.xcconfig"; path = "Pods/Target Support Files/Pods-CountriesTests/Pods-CountriesTests.release.xcconfig"; sourceTree = "<group>"; };
		798F73EA6207948906DD8D7C /* Pods_CountriesUITests.framework */ = {isa = PBXFileReference; explicitFileType = wrapper.framework; includeInIndex = 0; path = Pods_CountriesUITests.framework; sourceTree = BUILT_PRODUCTS_DIR; };
		840A929FA160A9F63CEF5109 /* Pods-Countries.debug.xcconfig */ = {isa = PBXFileReference; includeInIndex = 1; lastKnownFileType = text.xcconfig; name = "Pods-Countries.debug.xcconfig"; path = "Pods/Target Support Files/Pods-Countries/Pods-Countries.debug.xcconfig"; sourceTree = "<group>"; };
		9319F0C51AE4AE500FCEFEE7 /* Pods-CountriesUITests.debug.xcconfig */ = {isa = PBXFileReference; includeInIndex = 1; lastKnownFileType = text.xcconfig; name = "Pods-CountriesUITests.debug.xcconfig"; path = "Pods/Target Support Files/Pods-CountriesUITests/Pods-CountriesUITests.debug.xcconfig"; sourceTree = "<group>"; };
		B40B916B69A5C63CD43F4474 /* Pods_Countries.framework */ = {isa = PBXFileReference; explicitFileType = wrapper.framework; includeInIndex = 0; path = Pods_Countries.framework; sourceTree = BUILT_PRODUCTS_DIR; };
		BE27568321CB6F0B002BCB23 /* MappedCountry.swift */ = {isa = PBXFileReference; lastKnownFileType = sourcecode.swift; path = MappedCountry.swift; sourceTree = "<group>"; };
		BE27568521CBAA14002BCB23 /* ReachabilityManager.swift */ = {isa = PBXFileReference; fileEncoding = 4; lastKnownFileType = sourcecode.swift; path = ReachabilityManager.swift; sourceTree = "<group>"; };
		BE27568B21CC02F0002BCB23 /* Country+CoreDataClass.swift */ = {isa = PBXFileReference; fileEncoding = 4; lastKnownFileType = sourcecode.swift; path = "Country+CoreDataClass.swift"; sourceTree = "<group>"; };
		BE27568C21CC02F0002BCB23 /* Country+CoreDataProperties.swift */ = {isa = PBXFileReference; fileEncoding = 4; lastKnownFileType = sourcecode.swift; path = "Country+CoreDataProperties.swift"; sourceTree = "<group>"; };
		BE7A457B21C8FEEF00534688 /* Countries.app */ = {isa = PBXFileReference; explicitFileType = wrapper.application; includeInIndex = 0; path = Countries.app; sourceTree = BUILT_PRODUCTS_DIR; };
		BE7A457E21C8FEEF00534688 /* AppDelegate.swift */ = {isa = PBXFileReference; lastKnownFileType = sourcecode.swift; path = AppDelegate.swift; sourceTree = "<group>"; };
		BE7A458021C8FEEF00534688 /* ViewController.swift */ = {isa = PBXFileReference; lastKnownFileType = sourcecode.swift; path = ViewController.swift; sourceTree = "<group>"; };
		BE7A458321C8FEEF00534688 /* Base */ = {isa = PBXFileReference; lastKnownFileType = file.storyboard; name = Base; path = Base.lproj/Main.storyboard; sourceTree = "<group>"; };
		BE7A458621C8FEEF00534688 /* Countries.xcdatamodel */ = {isa = PBXFileReference; lastKnownFileType = wrapper.xcdatamodel; path = Countries.xcdatamodel; sourceTree = "<group>"; };
		BE7A458821C8FEF500534688 /* Assets.xcassets */ = {isa = PBXFileReference; lastKnownFileType = folder.assetcatalog; path = Assets.xcassets; sourceTree = "<group>"; };
		BE7A458B21C8FEF500534688 /* Base */ = {isa = PBXFileReference; lastKnownFileType = file.storyboard; name = Base; path = Base.lproj/LaunchScreen.storyboard; sourceTree = "<group>"; };
		BE7A458D21C8FEF500534688 /* Info.plist */ = {isa = PBXFileReference; lastKnownFileType = text.plist.xml; path = Info.plist; sourceTree = "<group>"; };
		BE7A459221C8FEF500534688 /* CountriesTests.xctest */ = {isa = PBXFileReference; explicitFileType = wrapper.cfbundle; includeInIndex = 0; path = CountriesTests.xctest; sourceTree = BUILT_PRODUCTS_DIR; };
		BE7A459621C8FEF500534688 /* CountriesTests.swift */ = {isa = PBXFileReference; lastKnownFileType = sourcecode.swift; path = CountriesTests.swift; sourceTree = "<group>"; };
		BE7A459821C8FEF500534688 /* Info.plist */ = {isa = PBXFileReference; lastKnownFileType = text.plist.xml; path = Info.plist; sourceTree = "<group>"; };
		BE7A459D21C8FEF500534688 /* CountriesUITests.xctest */ = {isa = PBXFileReference; explicitFileType = wrapper.cfbundle; includeInIndex = 0; path = CountriesUITests.xctest; sourceTree = BUILT_PRODUCTS_DIR; };
		BE7A45A121C8FEF500534688 /* CountriesUITests.swift */ = {isa = PBXFileReference; lastKnownFileType = sourcecode.swift; path = CountriesUITests.swift; sourceTree = "<group>"; };
		BE7A45A321C8FEF500534688 /* Info.plist */ = {isa = PBXFileReference; lastKnownFileType = text.plist.xml; path = Info.plist; sourceTree = "<group>"; };
		BE7A45AF21C9358D00534688 /* NetworkingManager.swift */ = {isa = PBXFileReference; lastKnownFileType = sourcecode.swift; path = NetworkingManager.swift; sourceTree = "<group>"; };
		BE7A45B121C93D4400534688 /* CountryDetailViewController.swift */ = {isa = PBXFileReference; lastKnownFileType = sourcecode.swift; path = CountryDetailViewController.swift; sourceTree = "<group>"; };
		BE7A45B621CAB6B000534688 /* Fontfabric - NexaBlackItalic.otf */ = {isa = PBXFileReference; lastKnownFileType = file; path = "Fontfabric - NexaBlackItalic.otf"; sourceTree = "<group>"; };
		BE7A45B721CAB6B000534688 /* Fontfabric - NexaHeavy.otf */ = {isa = PBXFileReference; lastKnownFileType = file; path = "Fontfabric - NexaHeavy.otf"; sourceTree = "<group>"; };
		BE7A45B821CAB6B000534688 /* Fontfabric - NexaXBoldItalic.otf */ = {isa = PBXFileReference; lastKnownFileType = file; path = "Fontfabric - NexaXBoldItalic.otf"; sourceTree = "<group>"; };
		BE7A45B921CAB6B000534688 /* Fontfabric - NexaBookItalic.otf */ = {isa = PBXFileReference; lastKnownFileType = file; path = "Fontfabric - NexaBookItalic.otf"; sourceTree = "<group>"; };
		BE7A45BA21CAB6B000534688 /* Fontfabric - Nexa Light.ttf */ = {isa = PBXFileReference; lastKnownFileType = file; path = "Fontfabric - Nexa Light.ttf"; sourceTree = "<group>"; };
		BE7A45BB21CAB6B000534688 /* Fontfabric - Nexa Light Italic.ttf */ = {isa = PBXFileReference; lastKnownFileType = file; path = "Fontfabric - Nexa Light Italic.ttf"; sourceTree = "<group>"; };
		BE7A45BC21CAB6B000534688 /* Fontfabric - Nexa Heavy Italic.ttf */ = {isa = PBXFileReference; lastKnownFileType = file; path = "Fontfabric - Nexa Heavy Italic.ttf"; sourceTree = "<group>"; };
		BE7A45BD21CAB6B000534688 /* Fontfabric - Nexa Heavy.ttf */ = {isa = PBXFileReference; lastKnownFileType = file; path = "Fontfabric - Nexa Heavy.ttf"; sourceTree = "<group>"; };
		BE7A45BE21CAB6B000534688 /* Fontfabric - NexaLightItalic.otf */ = {isa = PBXFileReference; lastKnownFileType = file; path = "Fontfabric - NexaLightItalic.otf"; sourceTree = "<group>"; };
		BE7A45BF21CAB6B000534688 /* Fontfabric - NexaHeavyItalic.otf */ = {isa = PBXFileReference; lastKnownFileType = file; path = "Fontfabric - NexaHeavyItalic.otf"; sourceTree = "<group>"; };
		BE7A45C021CAB6B000534688 /* Fontfabric - NexaLight.otf */ = {isa = PBXFileReference; lastKnownFileType = file; path = "Fontfabric - NexaLight.otf"; sourceTree = "<group>"; };
		BE7A45C121CAB6B000534688 /* Fontfabric - NexaBoldItalic.otf */ = {isa = PBXFileReference; lastKnownFileType = file; path = "Fontfabric - NexaBoldItalic.otf"; sourceTree = "<group>"; };
		BE7A45C221CAB6B000534688 /* Fontfabric - Nexa-RegularItalic.otf */ = {isa = PBXFileReference; lastKnownFileType = file; path = "Fontfabric - Nexa-RegularItalic.otf"; sourceTree = "<group>"; };
		BE7A45C321CAB6B000534688 /* Fontfabric - NexaThinItalic.otf */ = {isa = PBXFileReference; lastKnownFileType = file; path = "Fontfabric - NexaThinItalic.otf"; sourceTree = "<group>"; };
		BE7A45C421CAB6B000534688 /* Fontfabric - NexaBlack.otf */ = {isa = PBXFileReference; lastKnownFileType = file; path = "Fontfabric - NexaBlack.otf"; sourceTree = "<group>"; };
		BE7A45C521CAB6B000534688 /* Fontfabric - Nexa Thin Italic.ttf */ = {isa = PBXFileReference; lastKnownFileType = file; path = "Fontfabric - Nexa Thin Italic.ttf"; sourceTree = "<group>"; };
		BE7A45C621CAB6B000534688 /* Fontfabric - Nexa.ttf */ = {isa = PBXFileReference; lastKnownFileType = file; path = "Fontfabric - Nexa.ttf"; sourceTree = "<group>"; };
		BE7A45C721CAB6B000534688 /* Fontfabric - NexaThin.otf */ = {isa = PBXFileReference; lastKnownFileType = file; path = "Fontfabric - NexaThin.otf"; sourceTree = "<group>"; };
		BE7A45C821CAB6B000534688 /* Fontfabric - Nexa Thin.ttf */ = {isa = PBXFileReference; lastKnownFileType = file; path = "Fontfabric - Nexa Thin.ttf"; sourceTree = "<group>"; };
		BE7A45C921CAB6B000534688 /* Fontfabric - Nexa Bold.ttf */ = {isa = PBXFileReference; lastKnownFileType = file; path = "Fontfabric - Nexa Bold.ttf"; sourceTree = "<group>"; };
		BE7A45CA21CAB6B000534688 /* Fontfabric - NexaBold.otf */ = {isa = PBXFileReference; lastKnownFileType = file; path = "Fontfabric - NexaBold.otf"; sourceTree = "<group>"; };
		BE7A45CB21CAB6B000534688 /* Fontfabric - Nexa Black Italic.ttf */ = {isa = PBXFileReference; lastKnownFileType = file; path = "Fontfabric - Nexa Black Italic.ttf"; sourceTree = "<group>"; };
		BE7A45CC21CAB6B000534688 /* Fontfabric - Nexa XBold.ttf */ = {isa = PBXFileReference; lastKnownFileType = file; path = "Fontfabric - Nexa XBold.ttf"; sourceTree = "<group>"; };
		BE7A45CD21CAB6B000534688 /* Fontfabric - Nexa Book.ttf */ = {isa = PBXFileReference; lastKnownFileType = file; path = "Fontfabric - Nexa Book.ttf"; sourceTree = "<group>"; };
		BE7A45CE21CAB6B000534688 /* Fontfabric - NexaBook.otf */ = {isa = PBXFileReference; lastKnownFileType = file; path = "Fontfabric - NexaBook.otf"; sourceTree = "<group>"; };
		BE7A45CF21CAB6B000534688 /* Fontfabric - Nexa XBold Italic.ttf */ = {isa = PBXFileReference; lastKnownFileType = file; path = "Fontfabric - Nexa XBold Italic.ttf"; sourceTree = "<group>"; };
		BE7A45D021CAB6B000534688 /* Fontfabric - Nexa Book Italic.ttf */ = {isa = PBXFileReference; lastKnownFileType = file; path = "Fontfabric - Nexa Book Italic.ttf"; sourceTree = "<group>"; };
		BE7A45D121CAB6B000534688 /* Fontfabric - Nexa Black.ttf */ = {isa = PBXFileReference; lastKnownFileType = file; path = "Fontfabric - Nexa Black.ttf"; sourceTree = "<group>"; };
		BE7A45D221CAB6B000534688 /* Fontfabric - NexaXBold.otf */ = {isa = PBXFileReference; lastKnownFileType = file; path = "Fontfabric - NexaXBold.otf"; sourceTree = "<group>"; };
		BE7A45D321CAB6B000534688 /* Fontfabric - Nexa Bold Italic.ttf */ = {isa = PBXFileReference; lastKnownFileType = file; path = "Fontfabric - Nexa Bold Italic.ttf"; sourceTree = "<group>"; };
		CFDF1A614861AAFC1591ABE9 /* Pods-Countries.release.xcconfig */ = {isa = PBXFileReference; includeInIndex = 1; lastKnownFileType = text.xcconfig; name = "Pods-Countries.release.xcconfig"; path = "Pods/Target Support Files/Pods-Countries/Pods-Countries.release.xcconfig"; sourceTree = "<group>"; };
		CFE746B9C3214C5650D3AB49 /* Pods_CountriesTests.framework */ = {isa = PBXFileReference; explicitFileType = wrapper.framework; includeInIndex = 0; path = Pods_CountriesTests.framework; sourceTree = BUILT_PRODUCTS_DIR; };
		E8C712FC3F8FEABB0871B33A /* Pods-CountriesUITests.release.xcconfig */ = {isa = PBXFileReference; includeInIndex = 1; lastKnownFileType = text.xcconfig; name = "Pods-CountriesUITests.release.xcconfig"; path = "Pods/Target Support Files/Pods-CountriesUITests/Pods-CountriesUITests.release.xcconfig"; sourceTree = "<group>"; };
/* End PBXFileReference section */

/* Begin PBXFrameworksBuildPhase section */
		BE7A457821C8FEEF00534688 /* Frameworks */ = {
			isa = PBXFrameworksBuildPhase;
			buildActionMask = 2147483647;
			files = (
				6CDDC47730E83518715175B9 /* Pods_Countries.framework in Frameworks */,
			);
			runOnlyForDeploymentPostprocessing = 0;
		};
		BE7A458F21C8FEF500534688 /* Frameworks */ = {
			isa = PBXFrameworksBuildPhase;
			buildActionMask = 2147483647;
			files = (
				9A5A99A075FE6D5C60C0F821 /* Pods_CountriesTests.framework in Frameworks */,
			);
			runOnlyForDeploymentPostprocessing = 0;
		};
		BE7A459A21C8FEF500534688 /* Frameworks */ = {
			isa = PBXFrameworksBuildPhase;
			buildActionMask = 2147483647;
			files = (
				FE86FDE84EFD5DD82774093A /* Pods_CountriesUITests.framework in Frameworks */,
			);
			runOnlyForDeploymentPostprocessing = 0;
		};
/* End PBXFrameworksBuildPhase section */

/* Begin PBXGroup section */
		BE7A457221C8FEEF00534688 = {
			isa = PBXGroup;
			children = (
				BE27568B21CC02F0002BCB23 /* Country+CoreDataClass.swift */,
				BE27568C21CC02F0002BCB23 /* Country+CoreDataProperties.swift */,
				BE7A457D21C8FEEF00534688 /* Countries */,
				BE7A459521C8FEF500534688 /* CountriesTests */,
				BE7A45A021C8FEF500534688 /* CountriesUITests */,
				BE7A457C21C8FEEF00534688 /* Products */,
				CCD6FD2B8C600393684E0E7D /* Pods */,
				CB84AED301AD312210C31788 /* Frameworks */,
			);
			sourceTree = "<group>";
		};
		BE7A457C21C8FEEF00534688 /* Products */ = {
			isa = PBXGroup;
			children = (
				BE7A457B21C8FEEF00534688 /* Countries.app */,
				BE7A459221C8FEF500534688 /* CountriesTests.xctest */,
				BE7A459D21C8FEF500534688 /* CountriesUITests.xctest */,
			);
			name = Products;
			sourceTree = "<group>";
		};
		BE7A457D21C8FEEF00534688 /* Countries */ = {
			isa = PBXGroup;
			children = (
				BE7A457E21C8FEEF00534688 /* AppDelegate.swift */,
				BE7A458021C8FEEF00534688 /* ViewController.swift */,
				BE7A45AF21C9358D00534688 /* NetworkingManager.swift */,
				BE27568521CBAA14002BCB23 /* ReachabilityManager.swift */,
				BE7A45B121C93D4400534688 /* CountryDetailViewController.swift */,
				BE27568321CB6F0B002BCB23 /* MappedCountry.swift */,
				BE7A458221C8FEEF00534688 /* Main.storyboard */,
				BE7A458821C8FEF500534688 /* Assets.xcassets */,
				BE7A45B521CAB6B000534688 /* CustomFonts */,
				BE7A458A21C8FEF500534688 /* LaunchScreen.storyboard */,
				BE7A458D21C8FEF500534688 /* Info.plist */,
				BE7A458521C8FEEF00534688 /* Countries.xcdatamodeld */,
			);
			path = Countries;
			sourceTree = "<group>";
		};
		BE7A459521C8FEF500534688 /* CountriesTests */ = {
			isa = PBXGroup;
			children = (
				BE7A459621C8FEF500534688 /* CountriesTests.swift */,
				BE7A459821C8FEF500534688 /* Info.plist */,
			);
			path = CountriesTests;
			sourceTree = "<group>";
		};
		BE7A45A021C8FEF500534688 /* CountriesUITests */ = {
			isa = PBXGroup;
			children = (
				BE7A45A121C8FEF500534688 /* CountriesUITests.swift */,
				BE7A45A321C8FEF500534688 /* Info.plist */,
			);
			path = CountriesUITests;
			sourceTree = "<group>";
		};
		BE7A45B521CAB6B000534688 /* CustomFonts */ = {
			isa = PBXGroup;
			children = (
				BE7A45B621CAB6B000534688 /* Fontfabric - NexaBlackItalic.otf */,
				BE7A45B721CAB6B000534688 /* Fontfabric - NexaHeavy.otf */,
				BE7A45B821CAB6B000534688 /* Fontfabric - NexaXBoldItalic.otf */,
				BE7A45B921CAB6B000534688 /* Fontfabric - NexaBookItalic.otf */,
				BE7A45BA21CAB6B000534688 /* Fontfabric - Nexa Light.ttf */,
				BE7A45BB21CAB6B000534688 /* Fontfabric - Nexa Light Italic.ttf */,
				BE7A45BC21CAB6B000534688 /* Fontfabric - Nexa Heavy Italic.ttf */,
				BE7A45BD21CAB6B000534688 /* Fontfabric - Nexa Heavy.ttf */,
				BE7A45BE21CAB6B000534688 /* Fontfabric - NexaLightItalic.otf */,
				BE7A45BF21CAB6B000534688 /* Fontfabric - NexaHeavyItalic.otf */,
				BE7A45C021CAB6B000534688 /* Fontfabric - NexaLight.otf */,
				BE7A45C121CAB6B000534688 /* Fontfabric - NexaBoldItalic.otf */,
				BE7A45C221CAB6B000534688 /* Fontfabric - Nexa-RegularItalic.otf */,
				BE7A45C321CAB6B000534688 /* Fontfabric - NexaThinItalic.otf */,
				BE7A45C421CAB6B000534688 /* Fontfabric - NexaBlack.otf */,
				BE7A45C521CAB6B000534688 /* Fontfabric - Nexa Thin Italic.ttf */,
				BE7A45C621CAB6B000534688 /* Fontfabric - Nexa.ttf */,
				BE7A45C721CAB6B000534688 /* Fontfabric - NexaThin.otf */,
				BE7A45C821CAB6B000534688 /* Fontfabric - Nexa Thin.ttf */,
				BE7A45C921CAB6B000534688 /* Fontfabric - Nexa Bold.ttf */,
				BE7A45CA21CAB6B000534688 /* Fontfabric - NexaBold.otf */,
				BE7A45CB21CAB6B000534688 /* Fontfabric - Nexa Black Italic.ttf */,
				BE7A45CC21CAB6B000534688 /* Fontfabric - Nexa XBold.ttf */,
				BE7A45CD21CAB6B000534688 /* Fontfabric - Nexa Book.ttf */,
				BE7A45CE21CAB6B000534688 /* Fontfabric - NexaBook.otf */,
				BE7A45CF21CAB6B000534688 /* Fontfabric - Nexa XBold Italic.ttf */,
				BE7A45D021CAB6B000534688 /* Fontfabric - Nexa Book Italic.ttf */,
				BE7A45D121CAB6B000534688 /* Fontfabric - Nexa Black.ttf */,
				BE7A45D221CAB6B000534688 /* Fontfabric - NexaXBold.otf */,
				BE7A45D321CAB6B000534688 /* Fontfabric - Nexa Bold Italic.ttf */,
			);
			path = CustomFonts;
			sourceTree = "<group>";
		};
		CB84AED301AD312210C31788 /* Frameworks */ = {
			isa = PBXGroup;
			children = (
				B40B916B69A5C63CD43F4474 /* Pods_Countries.framework */,
				CFE746B9C3214C5650D3AB49 /* Pods_CountriesTests.framework */,
				798F73EA6207948906DD8D7C /* Pods_CountriesUITests.framework */,
			);
			name = Frameworks;
			sourceTree = "<group>";
		};
		CCD6FD2B8C600393684E0E7D /* Pods */ = {
			isa = PBXGroup;
			children = (
				840A929FA160A9F63CEF5109 /* Pods-Countries.debug.xcconfig */,
				CFDF1A614861AAFC1591ABE9 /* Pods-Countries.release.xcconfig */,
				2EE687E1AC9CC6F82170F239 /* Pods-CountriesTests.debug.xcconfig */,
				6A6C526FBE618D4F24C53240 /* Pods-CountriesTests.release.xcconfig */,
				9319F0C51AE4AE500FCEFEE7 /* Pods-CountriesUITests.debug.xcconfig */,
				E8C712FC3F8FEABB0871B33A /* Pods-CountriesUITests.release.xcconfig */,
			);
			name = Pods;
			sourceTree = "<group>";
		};
/* End PBXGroup section */

/* Begin PBXNativeTarget section */
		BE7A457A21C8FEEF00534688 /* Countries */ = {
			isa = PBXNativeTarget;
			buildConfigurationList = BE7A45A621C8FEF500534688 /* Build configuration list for PBXNativeTarget "Countries" */;
			buildPhases = (
				D9EC55EFD7EBA305651B6416 /* [CP] Check Pods Manifest.lock */,
				BE7A457721C8FEEF00534688 /* Sources */,
				BE7A457821C8FEEF00534688 /* Frameworks */,
				BE7A457921C8FEEF00534688 /* Resources */,
				CA5268940311ABEF493908A3 /* [CP] Embed Pods Frameworks */,
			);
			buildRules = (
			);
			dependencies = (
			);
			name = Countries;
			productName = Countries;
			productReference = BE7A457B21C8FEEF00534688 /* Countries.app */;
			productType = "com.apple.product-type.application";
		};
		BE7A459121C8FEF500534688 /* CountriesTests */ = {
			isa = PBXNativeTarget;
			buildConfigurationList = BE7A45A921C8FEF500534688 /* Build configuration list for PBXNativeTarget "CountriesTests" */;
			buildPhases = (
				2BEB7CEDEC09CAEA5763478B /* [CP] Check Pods Manifest.lock */,
				BE7A458E21C8FEF500534688 /* Sources */,
				BE7A458F21C8FEF500534688 /* Frameworks */,
				BE7A459021C8FEF500534688 /* Resources */,
			);
			buildRules = (
			);
			dependencies = (
				BE7A459421C8FEF500534688 /* PBXTargetDependency */,
			);
			name = CountriesTests;
			productName = CountriesTests;
			productReference = BE7A459221C8FEF500534688 /* CountriesTests.xctest */;
			productType = "com.apple.product-type.bundle.unit-test";
		};
		BE7A459C21C8FEF500534688 /* CountriesUITests */ = {
			isa = PBXNativeTarget;
			buildConfigurationList = BE7A45AC21C8FEF500534688 /* Build configuration list for PBXNativeTarget "CountriesUITests" */;
			buildPhases = (
				A2EA87A6E2E129179D043A08 /* [CP] Check Pods Manifest.lock */,
				BE7A459921C8FEF500534688 /* Sources */,
				BE7A459A21C8FEF500534688 /* Frameworks */,
				BE7A459B21C8FEF500534688 /* Resources */,
			);
			buildRules = (
			);
			dependencies = (
				BE7A459F21C8FEF500534688 /* PBXTargetDependency */,
			);
			name = CountriesUITests;
			productName = CountriesUITests;
			productReference = BE7A459D21C8FEF500534688 /* CountriesUITests.xctest */;
			productType = "com.apple.product-type.bundle.ui-testing";
		};
/* End PBXNativeTarget section */

/* Begin PBXProject section */
		BE7A457321C8FEEF00534688 /* Project object */ = {
			isa = PBXProject;
			attributes = {
				LastSwiftUpdateCheck = 1010;
				LastUpgradeCheck = 1010;
				ORGANIZATIONNAME = "Audax Labs";
				TargetAttributes = {
					BE7A457A21C8FEEF00534688 = {
						CreatedOnToolsVersion = 10.1;
					};
					BE7A459121C8FEF500534688 = {
						CreatedOnToolsVersion = 10.1;
						TestTargetID = BE7A457A21C8FEEF00534688;
					};
					BE7A459C21C8FEF500534688 = {
						CreatedOnToolsVersion = 10.1;
						TestTargetID = BE7A457A21C8FEEF00534688;
					};
				};
			};
			buildConfigurationList = BE7A457621C8FEEF00534688 /* Build configuration list for PBXProject "Countries" */;
			compatibilityVersion = "Xcode 9.3";
			developmentRegion = en;
			hasScannedForEncodings = 0;
			knownRegions = (
				en,
				Base,
			);
			mainGroup = BE7A457221C8FEEF00534688;
			productRefGroup = BE7A457C21C8FEEF00534688 /* Products */;
			projectDirPath = "";
			projectRoot = "";
			targets = (
				BE7A457A21C8FEEF00534688 /* Countries */,
				BE7A459121C8FEF500534688 /* CountriesTests */,
				BE7A459C21C8FEF500534688 /* CountriesUITests */,
			);
		};
/* End PBXProject section */

/* Begin PBXResourcesBuildPhase section */
		BE7A457921C8FEEF00534688 /* Resources */ = {
			isa = PBXResourcesBuildPhase;
			buildActionMask = 2147483647;
			files = (
				BE7A45ED21CAB6B000534688 /* Fontfabric - Nexa XBold Italic.ttf in Resources */,
				BE7A45F021CAB6B000534688 /* Fontfabric - NexaXBold.otf in Resources */,
				BE7A45E821CAB6B000534688 /* Fontfabric - NexaBold.otf in Resources */,
				BE7A45EA21CAB6B000534688 /* Fontfabric - Nexa XBold.ttf in Resources */,
				BE7A45DC21CAB6B000534688 /* Fontfabric - NexaLightItalic.otf in Resources */,
				BE7A45D521CAB6B000534688 /* Fontfabric - NexaHeavy.otf in Resources */,
				BE7A458C21C8FEF500534688 /* LaunchScreen.storyboard in Resources */,
				BE7A45DF21CAB6B000534688 /* Fontfabric - NexaBoldItalic.otf in Resources */,
				BE7A45DB21CAB6B000534688 /* Fontfabric - Nexa Heavy.ttf in Resources */,
				BE7A45EB21CAB6B000534688 /* Fontfabric - Nexa Book.ttf in Resources */,
				BE7A45E721CAB6B000534688 /* Fontfabric - Nexa Bold.ttf in Resources */,
				BE7A458921C8FEF500534688 /* Assets.xcassets in Resources */,
				BE7A45E021CAB6B000534688 /* Fontfabric - Nexa-RegularItalic.otf in Resources */,
				BE7A45E321CAB6B000534688 /* Fontfabric - Nexa Thin Italic.ttf in Resources */,
				BE7A45E921CAB6B000534688 /* Fontfabric - Nexa Black Italic.ttf in Resources */,
				BE7A45E421CAB6B000534688 /* Fontfabric - Nexa.ttf in Resources */,
				BE7A45EC21CAB6B000534688 /* Fontfabric - NexaBook.otf in Resources */,
				BE7A45D421CAB6B000534688 /* Fontfabric - NexaBlackItalic.otf in Resources */,
				BE7A45DD21CAB6B000534688 /* Fontfabric - NexaHeavyItalic.otf in Resources */,
				BE7A45E121CAB6B000534688 /* Fontfabric - NexaThinItalic.otf in Resources */,
				BE7A45D721CAB6B000534688 /* Fontfabric - NexaBookItalic.otf in Resources */,
				BE7A45E521CAB6B000534688 /* Fontfabric - NexaThin.otf in Resources */,
				BE7A45F121CAB6B000534688 /* Fontfabric - Nexa Bold Italic.ttf in Resources */,
				BE7A45D921CAB6B000534688 /* Fontfabric - Nexa Light Italic.ttf in Resources */,
				BE7A45D621CAB6B000534688 /* Fontfabric - NexaXBoldItalic.otf in Resources */,
				BE7A45E621CAB6B000534688 /* Fontfabric - Nexa Thin.ttf in Resources */,
				BE7A45EF21CAB6B000534688 /* Fontfabric - Nexa Black.ttf in Resources */,
				BE7A45E221CAB6B000534688 /* Fontfabric - NexaBlack.otf in Resources */,
				BE7A45EE21CAB6B000534688 /* Fontfabric - Nexa Book Italic.ttf in Resources */,
				BE7A45DE21CAB6B000534688 /* Fontfabric - NexaLight.otf in Resources */,
				BE7A45D821CAB6B000534688 /* Fontfabric - Nexa Light.ttf in Resources */,
				BE7A45DA21CAB6B000534688 /* Fontfabric - Nexa Heavy Italic.ttf in Resources */,
				BE7A458421C8FEEF00534688 /* Main.storyboard in Resources */,
			);
			runOnlyForDeploymentPostprocessing = 0;
		};
		BE7A459021C8FEF500534688 /* Resources */ = {
			isa = PBXResourcesBuildPhase;
			buildActionMask = 2147483647;
			files = (
			);
			runOnlyForDeploymentPostprocessing = 0;
		};
		BE7A459B21C8FEF500534688 /* Resources */ = {
			isa = PBXResourcesBuildPhase;
			buildActionMask = 2147483647;
			files = (
			);
			runOnlyForDeploymentPostprocessing = 0;
		};
/* End PBXResourcesBuildPhase section */

/* Begin PBXShellScriptBuildPhase section */
		2BEB7CEDEC09CAEA5763478B /* [CP] Check Pods Manifest.lock */ = {
			isa = PBXShellScriptBuildPhase;
			buildActionMask = 2147483647;
			files = (
			);
			inputPaths = (
				"${PODS_PODFILE_DIR_PATH}/Podfile.lock",
				"${PODS_ROOT}/Manifest.lock",
			);
			name = "[CP] Check Pods Manifest.lock";
			outputPaths = (
				"$(DERIVED_FILE_DIR)/Pods-CountriesTests-checkManifestLockResult.txt",
			);
			runOnlyForDeploymentPostprocessing = 0;
			shellPath = /bin/sh;
			shellScript = "diff \"${PODS_PODFILE_DIR_PATH}/Podfile.lock\" \"${PODS_ROOT}/Manifest.lock\" > /dev/null\nif [ $? != 0 ] ; then\n    # print error to STDERR\n    echo \"error: The sandbox is not in sync with the Podfile.lock. Run 'pod install' or update your CocoaPods installation.\" >&2\n    exit 1\nfi\n# This output is used by Xcode 'outputs' to avoid re-running this script phase.\necho \"SUCCESS\" > \"${SCRIPT_OUTPUT_FILE_0}\"\n";
			showEnvVarsInLog = 0;
		};
		A2EA87A6E2E129179D043A08 /* [CP] Check Pods Manifest.lock */ = {
			isa = PBXShellScriptBuildPhase;
			buildActionMask = 2147483647;
			files = (
			);
			inputPaths = (
				"${PODS_PODFILE_DIR_PATH}/Podfile.lock",
				"${PODS_ROOT}/Manifest.lock",
			);
			name = "[CP] Check Pods Manifest.lock";
			outputPaths = (
				"$(DERIVED_FILE_DIR)/Pods-CountriesUITests-checkManifestLockResult.txt",
			);
			runOnlyForDeploymentPostprocessing = 0;
			shellPath = /bin/sh;
			shellScript = "diff \"${PODS_PODFILE_DIR_PATH}/Podfile.lock\" \"${PODS_ROOT}/Manifest.lock\" > /dev/null\nif [ $? != 0 ] ; then\n    # print error to STDERR\n    echo \"error: The sandbox is not in sync with the Podfile.lock. Run 'pod install' or update your CocoaPods installation.\" >&2\n    exit 1\nfi\n# This output is used by Xcode 'outputs' to avoid re-running this script phase.\necho \"SUCCESS\" > \"${SCRIPT_OUTPUT_FILE_0}\"\n";
			showEnvVarsInLog = 0;
		};
		CA5268940311ABEF493908A3 /* [CP] Embed Pods Frameworks */ = {
			isa = PBXShellScriptBuildPhase;
			buildActionMask = 2147483647;
			files = (
			);
			inputPaths = (
				"${SRCROOT}/Pods/Target Support Files/Pods-Countries/Pods-Countries-frameworks.sh",
				"${BUILT_PRODUCTS_DIR}/CocoaLumberjack/CocoaLumberjack.framework",
				"${BUILT_PRODUCTS_DIR}/ReachabilitySwift/Reachability.framework",
				"${BUILT_PRODUCTS_DIR}/SVGKit/SVGKit.framework",
			);
			name = "[CP] Embed Pods Frameworks";
			outputPaths = (
				"${TARGET_BUILD_DIR}/${FRAMEWORKS_FOLDER_PATH}/CocoaLumberjack.framework",
				"${TARGET_BUILD_DIR}/${FRAMEWORKS_FOLDER_PATH}/Reachability.framework",
				"${TARGET_BUILD_DIR}/${FRAMEWORKS_FOLDER_PATH}/SVGKit.framework",
			);
			runOnlyForDeploymentPostprocessing = 0;
			shellPath = /bin/sh;
			shellScript = "\"${SRCROOT}/Pods/Target Support Files/Pods-Countries/Pods-Countries-frameworks.sh\"\n";
			showEnvVarsInLog = 0;
		};
		D9EC55EFD7EBA305651B6416 /* [CP] Check Pods Manifest.lock */ = {
			isa = PBXShellScriptBuildPhase;
			buildActionMask = 2147483647;
			files = (
			);
			inputPaths = (
				"${PODS_PODFILE_DIR_PATH}/Podfile.lock",
				"${PODS_ROOT}/Manifest.lock",
			);
			name = "[CP] Check Pods Manifest.lock";
			outputPaths = (
				"$(DERIVED_FILE_DIR)/Pods-Countries-checkManifestLockResult.txt",
			);
			runOnlyForDeploymentPostprocessing = 0;
			shellPath = /bin/sh;
			shellScript = "diff \"${PODS_PODFILE_DIR_PATH}/Podfile.lock\" \"${PODS_ROOT}/Manifest.lock\" > /dev/null\nif [ $? != 0 ] ; then\n    # print error to STDERR\n    echo \"error: The sandbox is not in sync with the Podfile.lock. Run 'pod install' or update your CocoaPods installation.\" >&2\n    exit 1\nfi\n# This output is used by Xcode 'outputs' to avoid re-running this script phase.\necho \"SUCCESS\" > \"${SCRIPT_OUTPUT_FILE_0}\"\n";
			showEnvVarsInLog = 0;
		};
/* End PBXShellScriptBuildPhase section */

/* Begin PBXSourcesBuildPhase section */
		BE7A457721C8FEEF00534688 /* Sources */ = {
			isa = PBXSourcesBuildPhase;
			buildActionMask = 2147483647;
			files = (
				BE7A458121C8FEEF00534688 /* ViewController.swift in Sources */,
				BE27568421CB6F0B002BCB23 /* MappedCountry.swift in Sources */,
				BE7A45B021C9358D00534688 /* NetworkingManager.swift in Sources */,
				BE27568621CBAA14002BCB23 /* ReachabilityManager.swift in Sources */,
				BE7A458721C8FEEF00534688 /* Countries.xcdatamodeld in Sources */,
				BE7A45B221C93D4400534688 /* CountryDetailViewController.swift in Sources */,
				BE27568D21CC02F0002BCB23 /* Country+CoreDataClass.swift in Sources */,
				BE7A457F21C8FEEF00534688 /* AppDelegate.swift in Sources */,
				BE27568E21CC02F0002BCB23 /* Country+CoreDataProperties.swift in Sources */,
			);
			runOnlyForDeploymentPostprocessing = 0;
		};
		BE7A458E21C8FEF500534688 /* Sources */ = {
			isa = PBXSourcesBuildPhase;
			buildActionMask = 2147483647;
			files = (
				BE7A459721C8FEF500534688 /* CountriesTests.swift in Sources */,
			);
			runOnlyForDeploymentPostprocessing = 0;
		};
		BE7A459921C8FEF500534688 /* Sources */ = {
			isa = PBXSourcesBuildPhase;
			buildActionMask = 2147483647;
			files = (
				BE7A45A221C8FEF500534688 /* CountriesUITests.swift in Sources */,
			);
			runOnlyForDeploymentPostprocessing = 0;
		};
/* End PBXSourcesBuildPhase section */

/* Begin PBXTargetDependency section */
		BE7A459421C8FEF500534688 /* PBXTargetDependency */ = {
			isa = PBXTargetDependency;
			target = BE7A457A21C8FEEF00534688 /* Countries */;
			targetProxy = BE7A459321C8FEF500534688 /* PBXContainerItemProxy */;
		};
		BE7A459F21C8FEF500534688 /* PBXTargetDependency */ = {
			isa = PBXTargetDependency;
			target = BE7A457A21C8FEEF00534688 /* Countries */;
			targetProxy = BE7A459E21C8FEF500534688 /* PBXContainerItemProxy */;
		};
/* End PBXTargetDependency section */

/* Begin PBXVariantGroup section */
		BE7A458221C8FEEF00534688 /* Main.storyboard */ = {
			isa = PBXVariantGroup;
			children = (
				BE7A458321C8FEEF00534688 /* Base */,
			);
			name = Main.storyboard;
			sourceTree = "<group>";
		};
		BE7A458A21C8FEF500534688 /* LaunchScreen.storyboard */ = {
			isa = PBXVariantGroup;
			children = (
				BE7A458B21C8FEF500534688 /* Base */,
			);
			name = LaunchScreen.storyboard;
			sourceTree = "<group>";
		};
/* End PBXVariantGroup section */

/* Begin XCBuildConfiguration section */
		BE7A45A421C8FEF500534688 /* Debug */ = {
			isa = XCBuildConfiguration;
			buildSettings = {
				ALWAYS_SEARCH_USER_PATHS = NO;
				CLANG_ANALYZER_NONNULL = YES;
				CLANG_ANALYZER_NUMBER_OBJECT_CONVERSION = YES_AGGRESSIVE;
				CLANG_CXX_LANGUAGE_STANDARD = "gnu++14";
				CLANG_CXX_LIBRARY = "libc++";
				CLANG_ENABLE_MODULES = YES;
				CLANG_ENABLE_OBJC_ARC = YES;
				CLANG_ENABLE_OBJC_WEAK = YES;
				CLANG_WARN_BLOCK_CAPTURE_AUTORELEASING = YES;
				CLANG_WARN_BOOL_CONVERSION = YES;
				CLANG_WARN_COMMA = YES;
				CLANG_WARN_CONSTANT_CONVERSION = YES;
				CLANG_WARN_DEPRECATED_OBJC_IMPLEMENTATIONS = YES;
				CLANG_WARN_DIRECT_OBJC_ISA_USAGE = YES_ERROR;
				CLANG_WARN_DOCUMENTATION_COMMENTS = YES;
				CLANG_WARN_EMPTY_BODY = YES;
				CLANG_WARN_ENUM_CONVERSION = YES;
				CLANG_WARN_INFINITE_RECURSION = YES;
				CLANG_WARN_INT_CONVERSION = YES;
				CLANG_WARN_NON_LITERAL_NULL_CONVERSION = YES;
				CLANG_WARN_OBJC_IMPLICIT_RETAIN_SELF = YES;
				CLANG_WARN_OBJC_LITERAL_CONVERSION = YES;
				CLANG_WARN_OBJC_ROOT_CLASS = YES_ERROR;
				CLANG_WARN_RANGE_LOOP_ANALYSIS = YES;
				CLANG_WARN_STRICT_PROTOTYPES = YES;
				CLANG_WARN_SUSPICIOUS_MOVE = YES;
				CLANG_WARN_UNGUARDED_AVAILABILITY = YES_AGGRESSIVE;
				CLANG_WARN_UNREACHABLE_CODE = YES;
				CLANG_WARN__DUPLICATE_METHOD_MATCH = YES;
				CODE_SIGN_IDENTITY = "iPhone Developer";
				COPY_PHASE_STRIP = NO;
				DEBUG_INFORMATION_FORMAT = dwarf;
				ENABLE_STRICT_OBJC_MSGSEND = YES;
				ENABLE_TESTABILITY = YES;
				GCC_C_LANGUAGE_STANDARD = gnu11;
				GCC_DYNAMIC_NO_PIC = NO;
				GCC_NO_COMMON_BLOCKS = YES;
				GCC_OPTIMIZATION_LEVEL = 0;
				GCC_PREPROCESSOR_DEFINITIONS = (
					"DEBUG=1",
					"$(inherited)",
				);
				GCC_WARN_64_TO_32_BIT_CONVERSION = YES;
				GCC_WARN_ABOUT_RETURN_TYPE = YES_ERROR;
				GCC_WARN_UNDECLARED_SELECTOR = YES;
				GCC_WARN_UNINITIALIZED_AUTOS = YES_AGGRESSIVE;
				GCC_WARN_UNUSED_FUNCTION = YES;
				GCC_WARN_UNUSED_VARIABLE = YES;
				IPHONEOS_DEPLOYMENT_TARGET = 12.1;
				MTL_ENABLE_DEBUG_INFO = INCLUDE_SOURCE;
				MTL_FAST_MATH = YES;
				ONLY_ACTIVE_ARCH = YES;
				SDKROOT = iphoneos;
				SWIFT_ACTIVE_COMPILATION_CONDITIONS = DEBUG;
				SWIFT_OPTIMIZATION_LEVEL = "-Onone";
			};
			name = Debug;
		};
		BE7A45A521C8FEF500534688 /* Release */ = {
			isa = XCBuildConfiguration;
			buildSettings = {
				ALWAYS_SEARCH_USER_PATHS = NO;
				CLANG_ANALYZER_NONNULL = YES;
				CLANG_ANALYZER_NUMBER_OBJECT_CONVERSION = YES_AGGRESSIVE;
				CLANG_CXX_LANGUAGE_STANDARD = "gnu++14";
				CLANG_CXX_LIBRARY = "libc++";
				CLANG_ENABLE_MODULES = YES;
				CLANG_ENABLE_OBJC_ARC = YES;
				CLANG_ENABLE_OBJC_WEAK = YES;
				CLANG_WARN_BLOCK_CAPTURE_AUTORELEASING = YES;
				CLANG_WARN_BOOL_CONVERSION = YES;
				CLANG_WARN_COMMA = YES;
				CLANG_WARN_CONSTANT_CONVERSION = YES;
				CLANG_WARN_DEPRECATED_OBJC_IMPLEMENTATIONS = YES;
				CLANG_WARN_DIRECT_OBJC_ISA_USAGE = YES_ERROR;
				CLANG_WARN_DOCUMENTATION_COMMENTS = YES;
				CLANG_WARN_EMPTY_BODY = YES;
				CLANG_WARN_ENUM_CONVERSION = YES;
				CLANG_WARN_INFINITE_RECURSION = YES;
				CLANG_WARN_INT_CONVERSION = YES;
				CLANG_WARN_NON_LITERAL_NULL_CONVERSION = YES;
				CLANG_WARN_OBJC_IMPLICIT_RETAIN_SELF = YES;
				CLANG_WARN_OBJC_LITERAL_CONVERSION = YES;
				CLANG_WARN_OBJC_ROOT_CLASS = YES_ERROR;
				CLANG_WARN_RANGE_LOOP_ANALYSIS = YES;
				CLANG_WARN_STRICT_PROTOTYPES = YES;
				CLANG_WARN_SUSPICIOUS_MOVE = YES;
				CLANG_WARN_UNGUARDED_AVAILABILITY = YES_AGGRESSIVE;
				CLANG_WARN_UNREACHABLE_CODE = YES;
				CLANG_WARN__DUPLICATE_METHOD_MATCH = YES;
				CODE_SIGN_IDENTITY = "iPhone Developer";
				COPY_PHASE_STRIP = NO;
				DEBUG_INFORMATION_FORMAT = "dwarf-with-dsym";
				ENABLE_NS_ASSERTIONS = NO;
				ENABLE_STRICT_OBJC_MSGSEND = YES;
				GCC_C_LANGUAGE_STANDARD = gnu11;
				GCC_NO_COMMON_BLOCKS = YES;
				GCC_WARN_64_TO_32_BIT_CONVERSION = YES;
				GCC_WARN_ABOUT_RETURN_TYPE = YES_ERROR;
				GCC_WARN_UNDECLARED_SELECTOR = YES;
				GCC_WARN_UNINITIALIZED_AUTOS = YES_AGGRESSIVE;
				GCC_WARN_UNUSED_FUNCTION = YES;
				GCC_WARN_UNUSED_VARIABLE = YES;
				IPHONEOS_DEPLOYMENT_TARGET = 12.1;
				MTL_ENABLE_DEBUG_INFO = NO;
				MTL_FAST_MATH = YES;
				SDKROOT = iphoneos;
				SWIFT_COMPILATION_MODE = wholemodule;
				SWIFT_OPTIMIZATION_LEVEL = "-O";
				VALIDATE_PRODUCT = YES;
			};
			name = Release;
		};
		BE7A45A721C8FEF500534688 /* Debug */ = {
			isa = XCBuildConfiguration;
			baseConfigurationReference = 840A929FA160A9F63CEF5109 /* Pods-Countries.debug.xcconfig */;
			buildSettings = {
				ASSETCATALOG_COMPILER_APPICON_NAME = AppIcon;
				CODE_SIGN_IDENTITY = "iPhone Developer";
				CODE_SIGN_STYLE = Automatic;
				DEVELOPMENT_TEAM = U38FRT5GL5;
				INFOPLIST_FILE = Countries/Info.plist;
				LD_RUNPATH_SEARCH_PATHS = (
					"$(inherited)",
					"@executable_path/Frameworks",
				);
				PRODUCT_BUNDLE_IDENTIFIER = com.architex.prod;
				PRODUCT_NAME = "$(TARGET_NAME)";
				PROVISIONING_PROFILE_SPECIFIER = "";
				SWIFT_VERSION = 4.2;
				TARGETED_DEVICE_FAMILY = "1,2";
			};
			name = Debug;
		};
		BE7A45A821C8FEF500534688 /* Release */ = {
			isa = XCBuildConfiguration;
			baseConfigurationReference = CFDF1A614861AAFC1591ABE9 /* Pods-Countries.release.xcconfig */;
			buildSettings = {
				ASSETCATALOG_COMPILER_APPICON_NAME = AppIcon;
				CODE_SIGN_IDENTITY = "iPhone Developer";
				CODE_SIGN_STYLE = Automatic;
				DEVELOPMENT_TEAM = U38FRT5GL5;
				INFOPLIST_FILE = Countries/Info.plist;
				LD_RUNPATH_SEARCH_PATHS = (
					"$(inherited)",
					"@executable_path/Frameworks",
				);
				PRODUCT_BUNDLE_IDENTIFIER = com.architex.prod;
				PRODUCT_NAME = "$(TARGET_NAME)";
				PROVISIONING_PROFILE_SPECIFIER = "";
				SWIFT_VERSION = 4.2;
				TARGETED_DEVICE_FAMILY = "1,2";
			};
			name = Release;
		};
		BE7A45AA21C8FEF500534688 /* Debug */ = {
			isa = XCBuildConfiguration;
			baseConfigurationReference = 2EE687E1AC9CC6F82170F239 /* Pods-CountriesTests.debug.xcconfig */;
			buildSettings = {
				ALWAYS_EMBED_SWIFT_STANDARD_LIBRARIES = YES;
				BUNDLE_LOADER = "$(TEST_HOST)";
				CODE_SIGN_STYLE = Automatic;
				DEVELOPMENT_TEAM = HVW557N3C9;
				INFOPLIST_FILE = CountriesTests/Info.plist;
				LD_RUNPATH_SEARCH_PATHS = (
					"$(inherited)",
					"@executable_path/Frameworks",
					"@loader_path/Frameworks",
				);
				PRODUCT_BUNDLE_IDENTIFIER = com.CountriesTests;
				PRODUCT_NAME = "$(TARGET_NAME)";
				SWIFT_VERSION = 4.2;
				TARGETED_DEVICE_FAMILY = "1,2";
				TEST_HOST = "$(BUILT_PRODUCTS_DIR)/Countries.app/Countries";
			};
			name = Debug;
		};
		BE7A45AB21C8FEF500534688 /* Release */ = {
			isa = XCBuildConfiguration;
			baseConfigurationReference = 6A6C526FBE618D4F24C53240 /* Pods-CountriesTests.release.xcconfig */;
			buildSettings = {
				ALWAYS_EMBED_SWIFT_STANDARD_LIBRARIES = YES;
				BUNDLE_LOADER = "$(TEST_HOST)";
				CODE_SIGN_STYLE = Automatic;
				DEVELOPMENT_TEAM = HVW557N3C9;
				INFOPLIST_FILE = CountriesTests/Info.plist;
				LD_RUNPATH_SEARCH_PATHS = (
					"$(inherited)",
					"@executable_path/Frameworks",
					"@loader_path/Frameworks",
				);
				PRODUCT_BUNDLE_IDENTIFIER = com.CountriesTests;
				PRODUCT_NAME = "$(TARGET_NAME)";
				SWIFT_VERSION = 4.2;
				TARGETED_DEVICE_FAMILY = "1,2";
				TEST_HOST = "$(BUILT_PRODUCTS_DIR)/Countries.app/Countries";
			};
			name = Release;
		};
		BE7A45AD21C8FEF500534688 /* Debug */ = {
			isa = XCBuildConfiguration;
			baseConfigurationReference = 9319F0C51AE4AE500FCEFEE7 /* Pods-CountriesUITests.debug.xcconfig */;
			buildSettings = {
				ALWAYS_EMBED_SWIFT_STANDARD_LIBRARIES = YES;
				CODE_SIGN_STYLE = Automatic;
				DEVELOPMENT_TEAM = HVW557N3C9;
				INFOPLIST_FILE = CountriesUITests/Info.plist;
				LD_RUNPATH_SEARCH_PATHS = (
					"$(inherited)",
					"@executable_path/Frameworks",
					"@loader_path/Frameworks",
				);
				PRODUCT_BUNDLE_IDENTIFIER = com.CountriesUITests;
				PRODUCT_NAME = "$(TARGET_NAME)";
				SWIFT_VERSION = 4.2;
				TARGETED_DEVICE_FAMILY = "1,2";
				TEST_TARGET_NAME = Countries;
			};
			name = Debug;
		};
		BE7A45AE21C8FEF500534688 /* Release */ = {
			isa = XCBuildConfiguration;
			baseConfigurationReference = E8C712FC3F8FEABB0871B33A /* Pods-CountriesUITests.release.xcconfig */;
			buildSettings = {
				ALWAYS_EMBED_SWIFT_STANDARD_LIBRARIES = YES;
				CODE_SIGN_STYLE = Automatic;
				DEVELOPMENT_TEAM = HVW557N3C9;
				INFOPLIST_FILE = CountriesUITests/Info.plist;
				LD_RUNPATH_SEARCH_PATHS = (
					"$(inherited)",
					"@executable_path/Frameworks",
					"@loader_path/Frameworks",
				);
				PRODUCT_BUNDLE_IDENTIFIER = com.CountriesUITests;
				PRODUCT_NAME = "$(TARGET_NAME)";
				SWIFT_VERSION = 4.2;
				TARGETED_DEVICE_FAMILY = "1,2";
				TEST_TARGET_NAME = Countries;
			};
			name = Release;
		};
/* End XCBuildConfiguration section */

/* Begin XCConfigurationList section */
		BE7A457621C8FEEF00534688 /* Build configuration list for PBXProject "Countries" */ = {
			isa = XCConfigurationList;
			buildConfigurations = (
				BE7A45A421C8FEF500534688 /* Debug */,
				BE7A45A521C8FEF500534688 /* Release */,
			);
			defaultConfigurationIsVisible = 0;
			defaultConfigurationName = Release;
		};
		BE7A45A621C8FEF500534688 /* Build configuration list for PBXNativeTarget "Countries" */ = {
			isa = XCConfigurationList;
			buildConfigurations = (
				BE7A45A721C8FEF500534688 /* Debug */,
				BE7A45A821C8FEF500534688 /* Release */,
			);
			defaultConfigurationIsVisible = 0;
			defaultConfigurationName = Release;
		};
		BE7A45A921C8FEF500534688 /* Build configuration list for PBXNativeTarget "CountriesTests" */ = {
			isa = XCConfigurationList;
			buildConfigurations = (
				BE7A45AA21C8FEF500534688 /* Debug */,
				BE7A45AB21C8FEF500534688 /* Release */,
			);
			defaultConfigurationIsVisible = 0;
			defaultConfigurationName = Release;
		};
		BE7A45AC21C8FEF500534688 /* Build configuration list for PBXNativeTarget "CountriesUITests" */ = {
			isa = XCConfigurationList;
			buildConfigurations = (
				BE7A45AD21C8FEF500534688 /* Debug */,
				BE7A45AE21C8FEF500534688 /* Release */,
			);
			defaultConfigurationIsVisible = 0;
			defaultConfigurationName = Release;
		};
/* End XCConfigurationList section */

/* Begin XCVersionGroup section */
		BE7A458521C8FEEF00534688 /* Countries.xcdatamodeld */ = {
			isa = XCVersionGroup;
			children = (
				BE7A458621C8FEEF00534688 /* Countries.xcdatamodel */,
			);
			currentVersion = BE7A458621C8FEEF00534688 /* Countries.xcdatamodel */;
			path = Countries.xcdatamodeld;
			sourceTree = "<group>";
			versionGroupType = wrapper.xcdatamodel;
		};
/* End XCVersionGroup section */
	};
	rootObject = BE7A457321C8FEEF00534688 /* Project object */;
}
